
Microsoft Visual Studio Solution File, Format Version 11.00
# Visual Studio 2010
Project("{FAE04EC0-301F-11D3-BF4B-00C04F79EFBC}") = "CarSystem", "CarSystem\CarSystem.csproj", "{6AE900C0-408F-4CF4-8C7F-1BCF4F72912E}"
EndProject
Global
	GlobalSection(SubversionScc) = preSolution
		Svn-Managed = True
		Manager = AnkhSVN - Subversion Support for Visual Studio
	EndGlobalSection
	GlobalSection(SolutionConfigurationPlatforms) = preSolution
		Debug|Any CPU = Debug|Any CPU
		Release|Any CPU = Release|Any CPU
	EndGlobalSection
	GlobalSection(ProjectConfigurationPlatforms) = postSolution
		{6AE900C0-408F-4CF4-8C7F-1BCF4F72912E}.Debug|Any CPU.ActiveCfg = Debug|Any CPU
		{6AE900C0-408F-4CF4-8C7F-1BCF4F72912E}.Debug|Any CPU.Build.0 = Debug|Any CPU
		{6AE900C0-408F-4CF4-8C7F-1BCF4F72912E}.Release|Any CPU.ActiveCfg = Release|Any CPU
		{6AE900C0-408F-4CF4-8C7F-1BCF4F72912E}.Release|Any CPU.Build.0 = Release|Any CPU
	EndGlobalSection
	GlobalSection(SolutionProperties) = preSolution
		HideSolutionNode = FALSE
	EndGlobalSection
EndGlobal
